{
  "name": "WeatherApp2",
  "lockfileVersion": 3,
  "requires": true,
  "packages": {
    "": {
      "dependencies": {
        "@bybas/weather-icons": "^2.0.0"
      }
    },
    "node_modules/@bybas/weather-icons": {
      "version": "2.0.0",
      "resolved": "https://registry.npmjs.org/@bybas/weather-icons/-/weather-icons-2.0.0.tgz",
      "integrity": "sha512-sUcp8kbQZYoYgTpHkQ1vrxKVSHdc4SxzXLuluVZYa5u8Nqq/GhDYOtWrWLqgN/GhwsZ74dja8TlMvyTll4yl0Q==",
      "license": "MIT"
    }
  }
}
